
Microsoft Visual Studio Solution File, Format Version 12.00
# Visual Studio 2012
Project("{FAE04EC0-301F-11D3-BF4B-00C04F79EFBC}") = "TestWebsite", "TestWebsite\TestWebsite.csproj", "{DBF5A6D4-AB77-46FF-B5CB-178993A0B1E2}"
EndProject
Global
	GlobalSection(SolutionConfigurationPlatforms) = preSolution
		Debug|Any CPU = Debug|Any CPU
		Release|Any CPU = Release|Any CPU
	EndGlobalSection
	GlobalSection(ProjectConfigurationPlatforms) = postSolution
		{DBF5A6D4-AB77-46FF-B5CB-178993A0B1E2}.Debug|Any CPU.ActiveCfg = Debug|Any CPU
		{DBF5A6D4-AB77-46FF-B5CB-178993A0B1E2}.Debug|Any CPU.Build.0 = Debug|Any CPU
		{DBF5A6D4-AB77-46FF-B5CB-178993A0B1E2}.Release|Any CPU.ActiveCfg = Release|Any CPU
		{DBF5A6D4-AB77-46FF-B5CB-178993A0B1E2}.Release|Any CPU.Build.0 = Release|Any CPU
	EndGlobalSection
EndGlobal
